# This file was autogenerated by Stack.
# You should not edit this file by hand.
# For more information, please see the documentation at:
#   https://docs.haskellstack.org/en/stable/topics/lock_files

packages: []
snapshots:
- completed:
    sha256: 2fc510eec19e4aecb06e5b2d7faa9a4004b55265fb5f13eb09b2be885726e810
    size: 507418
    url: https://raw.githubusercontent.com/commercialhaskell/stackage-snapshots/master/lts/11/8.yaml
  original: lts-11.8
